# THIS IS AN AUTOGENERATED FILE. DO NOT EDIT THIS FILE DIRECTLY.
# yarn lockfile v1


"@octokit/auth-token@^2.4.4":
  version "2.4.5"
  resolved "https://registry.yarnpkg.com/@octokit/auth-token/-/auth-token-2.4.5.tgz#568ccfb8cb46f36441fac094ce34f7a875b197f3"
  integrity sha512-BpGYsPgJt05M7/L/5FoE1PiAbdxXFZkX/3kDYcsvd1v6UhlnE5e96dTDr0ezX/EFwciQxf3cNV0loipsURU+WA==
  dependencies:
    "@octokit/types" "^6.0.3"

"@octokit/core@^3.2.3":
  version "3.2.5"
  resolved "https://registry.yarnpkg.com/@octokit/core/-/core-3.2.5.tgz#57becbd5fd789b0592b915840855f3a5f233d554"
  integrity sha512-+DCtPykGnvXKWWQI0E1XD+CCeWSBhB6kwItXqfFmNBlIlhczuDPbg+P6BtLnVBaRJDAjv+1mrUJuRsFSjktopg==
  dependencies:
    "@octokit/auth-token" "^2.4.4"
    "@octokit/graphql" "^4.5.8"
    "@octokit/request" "^5.4.12"
    "@octokit/types" "^6.0.3"
    before-after-hook "^2.1.0"
    universal-user-agent "^6.0.0"

"@octokit/endpoint@^6.0.1":
  version "6.0.11"
  resolved "https://registry.yarnpkg.com/@octokit/endpoint/-/endpoint-6.0.11.tgz#082adc2aebca6dcefa1fb383f5efb3ed081949d1"
  integrity sha512-fUIPpx+pZyoLW4GCs3yMnlj2LfoXTWDUVPTC4V3MUEKZm48W+XYpeWSZCv+vYF1ZABUm2CqnDVf1sFtIYrj7KQ==
  dependencies:
    "@octokit/types" "^6.0.3"
    is-plain-object "^5.0.0"
    universal-user-agent "^6.0.0"

"@octokit/graphql@^4.5.8":
  version "4.6.0"
  resolved "https://registry.yarnpkg.com/@octokit/graphql/-/graphql-4.6.0.tgz#f9abca55f82183964a33439d5264674c701c3327"
  integrity sha512-CJ6n7izLFXLvPZaWzCQDjU/RP+vHiZmWdOunaCS87v+2jxMsW9FB5ktfIxybRBxZjxuJGRnxk7xJecWTVxFUYQ==
  dependencies:
    "@octokit/request" "^5.3.0"
    "@octokit/types" "^6.0.3"
    universal-user-agent "^6.0.0"

"@octokit/openapi-types@^4.0.3":
  version "4.0.4"
  resolved "https://registry.yarnpkg.com/@octokit/openapi-types/-/openapi-types-4.0.4.tgz#96fcce11e929802898646205ac567e5df592f82b"
  integrity sha512-31zY8JIuz3h6RAFOnyA8FbOwhILILiBu1qD81RyZZWY7oMBhIdBn6MaAmnnptLhB4jk0g50nkQkUVP4kUzppcA==

"@octokit/plugin-paginate-rest@^2.6.2":
  version "2.9.1"
  resolved "https://registry.yarnpkg.com/@octokit/plugin-paginate-rest/-/plugin-paginate-rest-2.9.1.tgz#e9bb34a89b7ed5b801f1c976feeb9b0078ecd201"
  integrity sha512-8wnuWGjwDIEobbBet2xAjZwgiMVTgIer5wBsnGXzV3lJ4yqphLU2FEMpkhSrDx7y+WkZDfZ+V+1cFMZ1mAaFag==
  dependencies:
    "@octokit/types" "^6.8.0"

"@octokit/plugin-request-log@^1.0.2":
  version "1.0.3"
  resolved "https://registry.yarnpkg.com/@octokit/plugin-request-log/-/plugin-request-log-1.0.3.tgz#70a62be213e1edc04bb8897ee48c311482f9700d"
  integrity sha512-4RFU4li238jMJAzLgAwkBAw+4Loile5haQMQr+uhFq27BmyJXcXSKvoQKqh0agsZEiUlW6iSv3FAgvmGkur7OQ==

"@octokit/plugin-rest-endpoint-methods@4.10.3":
  version "4.10.3"
  resolved "https://registry.yarnpkg.com/@octokit/plugin-rest-endpoint-methods/-/plugin-rest-endpoint-methods-4.10.3.tgz#d78ddf926bca3b81a4d9b79a463d32b3750a4485"
  integrity sha512-CsNQeVY34Vs9iea2Z9/TCPlebxv6KpjO9f1BUPz+14qundTSYT9kgf8j5wA1k37VstfBQ4xnuURYdnbGzJBJXw==
  dependencies:
    "@octokit/types" "^6.8.3"
    deprecation "^2.3.1"

"@octokit/request-error@^2.0.0":
  version "2.0.5"
  resolved "https://registry.yarnpkg.com/@octokit/request-error/-/request-error-2.0.5.tgz#72cc91edc870281ad583a42619256b380c600143"
  integrity sha512-T/2wcCFyM7SkXzNoyVNWjyVlUwBvW3igM3Btr/eKYiPmucXTtkxt2RBsf6gn3LTzaLSLTQtNmvg+dGsOxQrjZg==
  dependencies:
    "@octokit/types" "^6.0.3"
    deprecation "^2.0.0"
    once "^1.4.0"

"@octokit/request@^5.3.0", "@octokit/request@^5.4.12":
  version "5.4.14"
  resolved "https://registry.yarnpkg.com/@octokit/request/-/request-5.4.14.tgz#ec5f96f78333bb2af390afa5ff66f114b063bc96"
  integrity sha512-VkmtacOIQp9daSnBmDI92xNIeLuSRDOIuplp/CJomkvzt7M18NXgG044Cx/LFKLgjKt9T2tZR6AtJayba9GTSA==
  dependencies:
    "@octokit/endpoint" "^6.0.1"
    "@octokit/request-error" "^2.0.0"
    "@octokit/types" "^6.7.1"
    deprecation "^2.0.0"
    is-plain-object "^5.0.0"
    node-fetch "^2.6.1"
    once "^1.4.0"
    universal-user-agent "^6.0.0"

"@octokit/rest@^18.1.1":
  version "18.1.1"
  resolved "https://registry.yarnpkg.com/@octokit/rest/-/rest-18.1.1.tgz#bd7053c28db3577c936029e9da6bfbd046474a2f"
  integrity sha512-ZcCHMyfGT1qtJD72usigAfUQ6jU89ZUPFb2AOubR6WZ7/RRFVZUENVm1I2yvJBUicqTujezPW9cY1+o3Mb4rNA==
  dependencies:
    "@octokit/core" "^3.2.3"
    "@octokit/plugin-paginate-rest" "^2.6.2"
    "@octokit/plugin-request-log" "^1.0.2"
    "@octokit/plugin-rest-endpoint-methods" "4.10.3"

"@octokit/types@^6.0.3", "@octokit/types@^6.7.1", "@octokit/types@^6.8.0", "@octokit/types@^6.8.3":
  version "6.8.5"
  resolved "https://registry.yarnpkg.com/@octokit/types/-/types-6.8.5.tgz#797dfdad8c75718e97dc687d4c9fc49200ca8d17"
  integrity sha512-ZsQawftZoi0kSF2pCsdgLURbOjtVcHnBOXiSxBKSNF56CRjARt5rb/g8WJgqB8vv4lgUEHrv06EdDKYQ22vA9Q==
  dependencies:
    "@octokit/openapi-types" "^4.0.3"

before-after-hook@^2.1.0:
  version "2.1.1"
  resolved "https://registry.yarnpkg.com/before-after-hook/-/before-after-hook-2.1.1.tgz#99ae36992b5cfab4a83f6bee74ab27835f28f405"
  integrity sha512-5ekuQOvO04MDj7kYZJaMab2S8SPjGJbotVNyv7QYFCOAwrGZs/YnoDNlh1U+m5hl7H2D/+n0taaAV/tfyd3KMA==

deprecation@^2.0.0, deprecation@^2.3.1:
  version "2.3.1"
  resolved "https://registry.yarnpkg.com/deprecation/-/deprecation-2.3.1.tgz#6368cbdb40abf3373b525ac87e4a260c3a700919"
  integrity sha512-xmHIy4F3scKVwMsQ4WnVaS8bHOx0DmVwRywosKhaILI0ywMDWPtBSku2HNxRvF7jtwDRsoEwYQSfbxj8b7RlJQ==

dotenv@^8.2.0:
  version "8.2.0"
  resolved "https://registry.yarnpkg.com/dotenv/-/dotenv-8.2.0.tgz#97e619259ada750eea3e4ea3e26bceea5424b16a"
  integrity sha512-8sJ78ElpbDJBHNeBzUbUVLsqKdccaa/BXF1uPTw3GrvQTBgrQrtObr2mUrE38vzYd8cEv+m/JBfDLioYcfXoaw==

is-plain-object@^5.0.0:
  version "5.0.0"
  resolved "https://registry.yarnpkg.com/is-plain-object/-/is-plain-object-5.0.0.tgz#4427f50ab3429e9025ea7d52e9043a9ef4159344"
  integrity sha512-VRSzKkbMm5jMDoKLbltAkFQ5Qr7VDiTFGXxYFXXowVj387GeGNOCsOH6Msy00SGZ3Fp84b1Naa1psqgcCIEP5Q==

node-fetch@^2.6.1:
  version "2.6.1"
  resolved "https://registry.yarnpkg.com/node-fetch/-/node-fetch-2.6.1.tgz#045bd323631f76ed2e2b55573394416b639a0052"
  integrity sha512-V4aYg89jEoVRxRb2fJdAg8FHvI7cEyYdVAh94HH0UIK8oJxUfkjlDQN9RbMx+bEjP7+ggMiFRprSti032Oipxw==

once@^1.4.0:
  version "1.4.0"
  resolved "https://registry.yarnpkg.com/once/-/once-1.4.0.tgz#583b1aa775961d4b113ac17d9c50baef9dd76bd1"
  integrity sha1-WDsap3WWHUsROsF9nFC6753Xa9E=
  dependencies:
    wrappy "1"

universal-user-agent@^6.0.0:
  version "6.0.0"
  resolved "https://registry.yarnpkg.com/universal-user-agent/-/universal-user-agent-6.0.0.tgz#3381f8503b251c0d9cd21bc1de939ec9df5480ee"
  integrity sha512-isyNax3wXoKaulPDZWHQqbmIx1k2tb9fb3GGDBRxCscfYV2Ch7WxPArBsFEG8s/safwXTT7H4QGhaIkTp9447w==

wrappy@1:
  version "1.0.2"
  resolved "https://registry.yarnpkg.com/wrappy/-/wrappy-1.0.2.tgz#b5243d8f3ec1aa35f1364605bc0d1036e30ab69f"
  integrity sha1-tSQ9jz7BqjXxNkYFvA0QNuMKtp8=
